Microsoft Visual Studio Solution File, Format Version 12.00
# Visual Studio Version 17
VisualStudioVersion = 17.5.2.0
MinimumVisualStudioVersion = 10.0.40219.1
Project("{FAE04EC0-301F-11D3-BF4B-00C04F79EFBC}") = "Recommendations.Abstractions", "Recommendations.Abstractions\Recommendations.Abstractions.csproj", "{4310B199-C268-4446-869B-2A50CE6F82AF}"
EndProject
Project("{FAE04EC0-301F-11D3-BF4B-00C04F79EFBC}") = "Recommendations.Persistence", "Recommendations.Persistence\Recommendations.Persistence.csproj", "{3C07B55E-3CDA-4567-BB4D-C61F2D6CF30C}"
EndProject
Project("{FAE04EC0-301F-11D3-BF4B-00C04F79EFBC}") = "Recommendations.Api", "Recommendations.Api\Recommendations.Api.csproj", "{8140DF45-FE51-4BCD-90CB-4F8105D4CF79}"
EndProject
Global
	GlobalSection(SolutionConfigurationPlatforms) = preSolution
		Debug|Any CPU = Debug|Any CPU
		Release|Any CPU = Release|Any CPU
	EndGlobalSection
	GlobalSection(ProjectConfigurationPlatforms) = postSolution
		{4310B199-C268-4446-869B-2A50CE6F82AF}.Debug|Any CPU.ActiveCfg = Debug|Any CPU
		{4310B199-C268-4446-869B-2A50CE6F82AF}.Debug|Any CPU.Build.0 = Debug|Any CPU
		{4310B199-C268-4446-869B-2A50CE6F82AF}.Release|Any CPU.ActiveCfg = Release|Any CPU
		{4310B199-C268-4446-869B-2A50CE6F82AF}.Release|Any CPU.Build.0 = Release|Any CPU
		{3C07B55E-3CDA-4567-BB4D-C61F2D6CF30C}.Debug|Any CPU.ActiveCfg = Debug|Any CPU
		{3C07B55E-3CDA-4567-BB4D-C61F2D6CF30C}.Debug|Any CPU.Build.0 = Debug|Any CPU
		{3C07B55E-3CDA-4567-BB4D-C61F2D6CF30C}.Release|Any CPU.ActiveCfg = Release|Any CPU
		{3C07B55E-3CDA-4567-BB4D-C61F2D6CF30C}.Release|Any CPU.Build.0 = Release|Any CPU
		{8140DF45-FE51-4BCD-90CB-4F8105D4CF79}.Debug|Any CPU.ActiveCfg = Debug|Any CPU
		{8140DF45-FE51-4BCD-90CB-4F8105D4CF79}.Debug|Any CPU.Build.0 = Debug|Any CPU
		{8140DF45-FE51-4BCD-90CB-4F8105D4CF79}.Release|Any CPU.ActiveCfg = Release|Any CPU
		{8140DF45-FE51-4BCD-90CB-4F8105D4CF79}.Release|Any CPU.Build.0 = Release|Any CPU
	EndGlobalSection
	GlobalSection(SolutionProperties) = preSolution
		HideSolutionNode = FALSE
	EndGlobalSection
	GlobalSection(ExtensibilityGlobals) = postSolution
		SolutionGuid = {72B3FD34-DF01-4A2C-8A56-15847E3BF1A1}
	EndGlobalSection
EndGlobal
